
Microsoft Visual Studio Solution File, Format Version 12.00
# Visual Studio Version 17
VisualStudioVersion = 17.6.33712.159
MinimumVisualStudioVersion = 10.0.40219.1
Project("{FAE04EC0-301F-11D3-BF4B-00C04F79EFBC}") = "analyze_lab", "analyze_lab\analyze_lab.csproj", "{A73DFDDB-BE43-4D3C-AAA7-77D2ACC7621F}"
EndProject
Global
	GlobalSection(SolutionConfigurationPlatforms) = preSolution
		Debug|Any CPU = Debug|Any CPU
		Release|Any CPU = Release|Any CPU
	EndGlobalSection
	GlobalSection(ProjectConfigurationPlatforms) = postSolution
		{A73DFDDB-BE43-4D3C-AAA7-77D2ACC7621F}.Debug|Any CPU.ActiveCfg = Debug|Any CPU
		{A73DFDDB-BE43-4D3C-AAA7-77D2ACC7621F}.Debug|Any CPU.Build.0 = Debug|Any CPU
		{A73DFDDB-BE43-4D3C-AAA7-77D2ACC7621F}.Release|Any CPU.ActiveCfg = Release|Any CPU
		{A73DFDDB-BE43-4D3C-AAA7-77D2ACC7621F}.Release|Any CPU.Build.0 = Release|Any CPU
	EndGlobalSection
	GlobalSection(SolutionProperties) = preSolution
		HideSolutionNode = FALSE
	EndGlobalSection
	GlobalSection(ExtensibilityGlobals) = postSolution
		SolutionGuid = {983293DB-4BDE-4B84-9D3D-55B5FB4DED0D}
	EndGlobalSection
EndGlobal
